// !$*UTF8*$!
{
	archiveVersion = 1;
	classes = {
	};
	objectVersion = 55;
	objects = {

/* Begin PBXBuildFile section */
		0FDDC89028582B9C003BBF06 /* SetApp.swift in Sources */ = {isa = PBXBuildFile; fileRef = 0FDDC88F28582B9C003BBF06 /* SetApp.swift */; };
		0FDDC89428582B9C003BBF06 /* Assets.xcassets in Resources */ = {isa = PBXBuildFile; fileRef = 0FDDC89328582B9C003BBF06 /* Assets.xcassets */; };
		0FDDC89728582B9C003BBF06 /* Preview Assets.xcassets in Resources */ = {isa = PBXBuildFile; fileRef = 0FDDC89628582B9C003BBF06 /* Preview Assets.xcassets */; };
		0FDDC89E28582E28003BBF06 /* AnyShape.swift in Sources */ = {isa = PBXBuildFile; fileRef = 0FDDC89D28582E28003BBF06 /* AnyShape.swift */; };
		0FDDC8A028582E3C003BBF06 /* Diamond.swift in Sources */ = {isa = PBXBuildFile; fileRef = 0FDDC89F28582E3C003BBF06 /* Diamond.swift */; };
		0FDDC8A228582E4D003BBF06 /* Oval.swift in Sources */ = {isa = PBXBuildFile; fileRef = 0FDDC8A128582E4D003BBF06 /* Oval.swift */; };
		0FDDC8A428582E6A003BBF06 /* Squiggle.swift in Sources */ = {isa = PBXBuildFile; fileRef = 0FDDC8A328582E6A003BBF06 /* Squiggle.swift */; };
		0FDDC8A728582FC9003BBF06 /* Card.swift in Sources */ = {isa = PBXBuildFile; fileRef = 0FDDC8A628582FC9003BBF06 /* Card.swift */; };
		0FDDC8A928582FE7003BBF06 /* CardView.swift in Sources */ = {isa = PBXBuildFile; fileRef = 0FDDC8A828582FE7003BBF06 /* CardView.swift */; };
		0FDDC8AB2858315A003BBF06 /* Cardify.swift in Sources */ = {isa = PBXBuildFile; fileRef = 0FDDC8AA2858315A003BBF06 /* Cardify.swift */; };
		0FDDC8AD28583187003BBF06 /* Grid.swift in Sources */ = {isa = PBXBuildFile; fileRef = 0FDDC8AC28583187003BBF06 /* Grid.swift */; };
		0FDDC8AF2858319C003BBF06 /* GridLayout.swift in Sources */ = {isa = PBXBuildFile; fileRef = 0FDDC8AE2858319C003BBF06 /* GridLayout.swift */; };
		0FDDC8B1285831B9003BBF06 /* SetGame.swift in Sources */ = {isa = PBXBuildFile; fileRef = 0FDDC8B0285831B9003BBF06 /* SetGame.swift */; };
		0FDDC8B3285831CD003BBF06 /* SetGameView.swift in Sources */ = {isa = PBXBuildFile; fileRef = 0FDDC8B2285831CD003BBF06 /* SetGameView.swift */; };
		0FDDC8B5285831E4003BBF06 /* SetGameVM.swift in Sources */ = {isa = PBXBuildFile; fileRef = 0FDDC8B4285831E4003BBF06 /* SetGameVM.swift */; };
/* End PBXBuildFile section */

/* Begin PBXFileReference section */
		0FDDC88C28582B9C003BBF06 /* Set.app */ = {isa = PBXFileReference; explicitFileType = wrapper.application; includeInIndex = 0; path = Set.app; sourceTree = BUILT_PRODUCTS_DIR; };
		0FDDC88F28582B9C003BBF06 /* SetApp.swift */ = {isa = PBXFileReference; lastKnownFileType = sourcecode.swift; path = SetApp.swift; sourceTree = "<group>"; };
		0FDDC89328582B9C003BBF06 /* Assets.xcassets */ = {isa = PBXFileReference; lastKnownFileType = folder.assetcatalog; path = Assets.xcassets; sourceTree = "<group>"; };
		0FDDC89628582B9C003BBF06 /* Preview Assets.xcassets */ = {isa = PBXFileReference; lastKnownFileType = folder.assetcatalog; path = "Preview Assets.xcassets"; sourceTree = "<group>"; };
		0FDDC89D28582E28003BBF06 /* AnyShape.swift */ = {isa = PBXFileReference; lastKnownFileType = sourcecode.swift; path = AnyShape.swift; sourceTree = "<group>"; };
		0FDDC89F28582E3C003BBF06 /* Diamond.swift */ = {isa = PBXFileReference; lastKnownFileType = sourcecode.swift; path = Diamond.swift; sourceTree = "<group>"; };
		0FDDC8A128582E4D003BBF06 /* Oval.swift */ = {isa = PBXFileReference; lastKnownFileType = sourcecode.swift; path = Oval.swift; sourceTree = "<group>"; };
		0FDDC8A328582E6A003BBF06 /* Squiggle.swift */ = {isa = PBXFileReference; lastKnownFileType = sourcecode.swift; path = Squiggle.swift; sourceTree = "<group>"; };
		0FDDC8A628582FC9003BBF06 /* Card.swift */ = {isa = PBXFileReference; lastKnownFileType = sourcecode.swift; path = Card.swift; sourceTree = "<group>"; };
		0FDDC8A828582FE7003BBF06 /* CardView.swift */ = {isa = PBXFileReference; lastKnownFileType = sourcecode.swift; path = CardView.swift; sourceTree = "<group>"; };
		0FDDC8AA2858315A003BBF06 /* Cardify.swift */ = {isa = PBXFileReference; lastKnownFileType = sourcecode.swift; path = Cardify.swift; sourceTree = "<group>"; };
		0FDDC8AC28583187003BBF06 /* Grid.swift */ = {isa = PBXFileReference; lastKnownFileType = sourcecode.swift; path = Grid.swift; sourceTree = "<group>"; };
		0FDDC8AE2858319C003BBF06 /* GridLayout.swift */ = {isa = PBXFileReference; lastKnownFileType = sourcecode.swift; path = GridLayout.swift; sourceTree = "<group>"; };
		0FDDC8B0285831B9003BBF06 /* SetGame.swift */ = {isa = PBXFileReference; lastKnownFileType = sourcecode.swift; path = SetGame.swift; sourceTree = "<group>"; };
		0FDDC8B2285831CD003BBF06 /* SetGameView.swift */ = {isa = PBXFileReference; lastKnownFileType = sourcecode.swift; path = SetGameView.swift; sourceTree = "<group>"; };
		0FDDC8B4285831E4003BBF06 /* SetGameVM.swift */ = {isa = PBXFileReference; lastKnownFileType = sourcecode.swift; path = SetGameVM.swift; sourceTree = "<group>"; };
/* End PBXFileReference section */

/* Begin PBXFrameworksBuildPhase section */
		0FDDC88928582B9C003BBF06 /* Frameworks */ = {
			isa = PBXFrameworksBuildPhase;
			buildActionMask = 2147483647;
			files = (
			);
			runOnlyForDeploymentPostprocessing = 0;
		};
/* End PBXFrameworksBuildPhase section */

/* Begin PBXGroup section */
		0FDDC88328582B9C003BBF06 = {
			isa = PBXGroup;
			children = (
				0FDDC88E28582B9C003BBF06 /* Set */,
				0FDDC88D28582B9C003BBF06 /* Products */,
			);
			sourceTree = "<group>";
		};
		0FDDC88D28582B9C003BBF06 /* Products */ = {
			isa = PBXGroup;
			children = (
				0FDDC88C28582B9C003BBF06 /* Set.app */,
			);
			name = Products;
			sourceTree = "<group>";
		};
		0FDDC88E28582B9C003BBF06 /* Set */ = {
			isa = PBXGroup;
			children = (
				0FDDC88F28582B9C003BBF06 /* SetApp.swift */,
				0FDDC8A528582E77003BBF06 /* Shapes */,
				0FDDC8B62858C4E7003BBF06 /* Card */,
				0FDDC8B72858C4ED003BBF06 /* Grid */,
				0FDDC8B82858C4F3003BBF06 /* Game */,
				0FDDC89328582B9C003BBF06 /* Assets.xcassets */,
				0FDDC89528582B9C003BBF06 /* Preview Content */,
			);
			path = Set;
			sourceTree = "<group>";
		};
		0FDDC89528582B9C003BBF06 /* Preview Content */ = {
			isa = PBXGroup;
			children = (
				0FDDC89628582B9C003BBF06 /* Preview Assets.xcassets */,
			);
			path = "Preview Content";
			sourceTree = "<group>";
		};
		0FDDC8A528582E77003BBF06 /* Shapes */ = {
			isa = PBXGroup;
			children = (
				0FDDC89D28582E28003BBF06 /* AnyShape.swift */,
				0FDDC89F28582E3C003BBF06 /* Diamond.swift */,
				0FDDC8A128582E4D003BBF06 /* Oval.swift */,
				0FDDC8A328582E6A003BBF06 /* Squiggle.swift */,
			);
			path = Shapes;
			sourceTree = "<group>";
		};
		0FDDC8B62858C4E7003BBF06 /* Card */ = {
			isa = PBXGroup;
			children = (
				0FDDC8A628582FC9003BBF06 /* Card.swift */,
				0FDDC8AA2858315A003BBF06 /* Cardify.swift */,
				0FDDC8A828582FE7003BBF06 /* CardView.swift */,
			);
			path = Card;
			sourceTree = "<group>";
		};
		0FDDC8B72858C4ED003BBF06 /* Grid */ = {
			isa = PBXGroup;
			children = (
				0FDDC8AC28583187003BBF06 /* Grid.swift */,
				0FDDC8AE2858319C003BBF06 /* GridLayout.swift */,
			);
			path = Grid;
			sourceTree = "<group>";
		};
		0FDDC8B82858C4F3003BBF06 /* Game */ = {
			isa = PBXGroup;
			children = (
				0FDDC8B0285831B9003BBF06 /* SetGame.swift */,
				0FDDC8B4285831E4003BBF06 /* SetGameVM.swift */,
				0FDDC8B2285831CD003BBF06 /* SetGameView.swift */,
			);
			path = Game;
			sourceTree = "<group>";
		};
/* End PBXGroup section */

/* Begin PBXNativeTarget section */
		0FDDC88B28582B9C003BBF06 /* Set */ = {
			isa = PBXNativeTarget;
			buildConfigurationList = 0FDDC89A28582B9C003BBF06 /* Build configuration list for PBXNativeTarget "Set" */;
			buildPhases = (
				0FDDC88828582B9C003BBF06 /* Sources */,
				0FDDC88928582B9C003BBF06 /* Frameworks */,
				0FDDC88A28582B9C003BBF06 /* Resources */,
			);
			buildRules = (
			);
			dependencies = (
			);
			name = Set;
			productName = Set;
			productReference = 0FDDC88C28582B9C003BBF06 /* Set.app */;
			productType = "com.apple.product-type.application";
		};
/* End PBXNativeTarget section */

/* Begin PBXProject section */
		0FDDC88428582B9C003BBF06 /* Project object */ = {
			isa = PBXProject;
			attributes = {
				BuildIndependentTargetsInParallel = 1;
				LastSwiftUpdateCheck = 1340;
				LastUpgradeCheck = 1340;
				TargetAttributes = {
					0FDDC88B28582B9C003BBF06 = {
						CreatedOnToolsVersion = 13.4.1;
					};
				};
			};
			buildConfigurationList = 0FDDC88728582B9C003BBF06 /* Build configuration list for PBXProject "Set" */;
			compatibilityVersion = "Xcode 13.0";
			developmentRegion = en;
			hasScannedForEncodings = 0;
			knownRegions = (
				en,
				Base,
			);
			mainGroup = 0FDDC88328582B9C003BBF06;
			productRefGroup = 0FDDC88D28582B9C003BBF06 /* Products */;
			projectDirPath = "";
			projectRoot = "";
			targets = (
				0FDDC88B28582B9C003BBF06 /* Set */,
			);
		};
/* End PBXProject section */

/* Begin PBXResourcesBuildPhase section */
		0FDDC88A28582B9C003BBF06 /* Resources */ = {
			isa = PBXResourcesBuildPhase;
			buildActionMask = 2147483647;
			files = (
				0FDDC89728582B9C003BBF06 /* Preview Assets.xcassets in Resources */,
				0FDDC89428582B9C003BBF06 /* Assets.xcassets in Resources */,
			);
			runOnlyForDeploymentPostprocessing = 0;
		};
/* End PBXResourcesBuildPhase section */

/* Begin PBXSourcesBuildPhase section */
		0FDDC88828582B9C003BBF06 /* Sources */ = {
			isa = PBXSourcesBuildPhase;
			buildActionMask = 2147483647;
			files = (
				0FDDC8A428582E6A003BBF06 /* Squiggle.swift in Sources */,
				0FDDC8A028582E3C003BBF06 /* Diamond.swift in Sources */,
				0FDDC8A728582FC9003BBF06 /* Card.swift in Sources */,
				0FDDC8AD28583187003BBF06 /* Grid.swift in Sources */,
				0FDDC8AB2858315A003BBF06 /* Cardify.swift in Sources */,
				0FDDC8A228582E4D003BBF06 /* Oval.swift in Sources */,
				0FDDC8B5285831E4003BBF06 /* SetGameVM.swift in Sources */,
				0FDDC89E28582E28003BBF06 /* AnyShape.swift in Sources */,
				0FDDC8A928582FE7003BBF06 /* CardView.swift in Sources */,
				0FDDC89028582B9C003BBF06 /* SetApp.swift in Sources */,
				0FDDC8B1285831B9003BBF06 /* SetGame.swift in Sources */,
				0FDDC8B3285831CD003BBF06 /* SetGameView.swift in Sources */,
				0FDDC8AF2858319C003BBF06 /* GridLayout.swift in Sources */,
			);
			runOnlyForDeploymentPostprocessing = 0;
		};
/* End PBXSourcesBuildPhase section */

/* Begin XCBuildConfiguration section */
		0FDDC89828582B9C003BBF06 /* Debug */ = {
			isa = XCBuildConfiguration;
			buildSettings = {
				ALWAYS_SEARCH_USER_PATHS = NO;
				CLANG_ANALYZER_NONNULL = YES;
				CLANG_ANALYZER_NUMBER_OBJECT_CONVERSION = YES_AGGRESSIVE;
				CLANG_CXX_LANGUAGE_STANDARD = "gnu++17";
				CLANG_ENABLE_MODULES = YES;
				CLANG_ENABLE_OBJC_ARC = YES;
				CLANG_ENABLE_OBJC_WEAK = YES;
				CLANG_WARN_BLOCK_CAPTURE_AUTORELEASING = YES;
				CLANG_WARN_BOOL_CONVERSION = YES;
				CLANG_WARN_COMMA = YES;
				CLANG_WARN_CONSTANT_CONVERSION = YES;
				CLANG_WARN_DEPRECATED_OBJC_IMPLEMENTATIONS = YES;
				CLANG_WARN_DIRECT_OBJC_ISA_USAGE = YES_ERROR;
				CLANG_WARN_DOCUMENTATION_COMMENTS = YES;
				CLANG_WARN_EMPTY_BODY = YES;
				CLANG_WARN_ENUM_CONVERSION = YES;
				CLANG_WARN_INFINITE_RECURSION = YES;
				CLANG_WARN_INT_CONVERSION = YES;
				CLANG_WARN_NON_LITERAL_NULL_CONVERSION = YES;
				CLANG_WARN_OBJC_IMPLICIT_RETAIN_SELF = YES;
				CLANG_WARN_OBJC_LITERAL_CONVERSION = YES;
				CLANG_WARN_OBJC_ROOT_CLASS = YES_ERROR;
				CLANG_WARN_QUOTED_INCLUDE_IN_FRAMEWORK_HEADER = YES;
				CLANG_WARN_RANGE_LOOP_ANALYSIS = YES;
				CLANG_WARN_STRICT_PROTOTYPES = YES;
				CLANG_WARN_SUSPICIOUS_MOVE = YES;
				CLANG_WARN_UNGUARDED_AVAILABILITY = YES_AGGRESSIVE;
				CLANG_WARN_UNREACHABLE_CODE = YES;
				CLANG_WARN__DUPLICATE_METHOD_MATCH = YES;
				COPY_PHASE_STRIP = NO;
				DEBUG_INFORMATION_FORMAT = dwarf;
				ENABLE_STRICT_OBJC_MSGSEND = YES;
				ENABLE_TESTABILITY = YES;
				GCC_C_LANGUAGE_STANDARD = gnu11;
				GCC_DYNAMIC_NO_PIC = NO;
				GCC_NO_COMMON_BLOCKS = YES;
				GCC_OPTIMIZATION_LEVEL = 0;
				GCC_PREPROCESSOR_DEFINITIONS = (
					"DEBUG=1",
					"$(inherited)",
				);
				GCC_WARN_64_TO_32_BIT_CONVERSION = YES;
				GCC_WARN_ABOUT_RETURN_TYPE = YES_ERROR;
				GCC_WARN_UNDECLARED_SELECTOR = YES;
				GCC_WARN_UNINITIALIZED_AUTOS = YES_AGGRESSIVE;
				GCC_WARN_UNUSED_FUNCTION = YES;
				GCC_WARN_UNUSED_VARIABLE = YES;
				IPHONEOS_DEPLOYMENT_TARGET = 15.5;
				MTL_ENABLE_DEBUG_INFO = INCLUDE_SOURCE;
				MTL_FAST_MATH = YES;
				ONLY_ACTIVE_ARCH = YES;
				SDKROOT = iphoneos;
				SWIFT_ACTIVE_COMPILATION_CONDITIONS = DEBUG;
				SWIFT_OPTIMIZATION_LEVEL = "-Onone";
			};
			name = Debug;
		};
		0FDDC89928582B9C003BBF06 /* Release */ = {
			isa = XCBuildConfiguration;
			buildSettings = {
				ALWAYS_SEARCH_USER_PATHS = NO;
				CLANG_ANALYZER_NONNULL = YES;
				CLANG_ANALYZER_NUMBER_OBJECT_CONVERSION = YES_AGGRESSIVE;
				CLANG_CXX_LANGUAGE_STANDARD = "gnu++17";
				CLANG_ENABLE_MODULES = YES;
				CLANG_ENABLE_OBJC_ARC = YES;
				CLANG_ENABLE_OBJC_WEAK = YES;
				CLANG_WARN_BLOCK_CAPTURE_AUTORELEASING = YES;
				CLANG_WARN_BOOL_CONVERSION = YES;
				CLANG_WARN_COMMA = YES;
				CLANG_WARN_CONSTANT_CONVERSION = YES;
				CLANG_WARN_DEPRECATED_OBJC_IMPLEMENTATIONS = YES;
				CLANG_WARN_DIRECT_OBJC_ISA_USAGE = YES_ERROR;
				CLANG_WARN_DOCUMENTATION_COMMENTS = YES;
				CLANG_WARN_EMPTY_BODY = YES;
				CLANG_WARN_ENUM_CONVERSION = YES;
				CLANG_WARN_INFINITE_RECURSION = YES;
				CLANG_WARN_INT_CONVERSION = YES;
				CLANG_WARN_NON_LITERAL_NULL_CONVERSION = YES;
				CLANG_WARN_OBJC_IMPLICIT_RETAIN_SELF = YES;
				CLANG_WARN_OBJC_LITERAL_CONVERSION = YES;
				CLANG_WARN_OBJC_ROOT_CLASS = YES_ERROR;
				CLANG_WARN_QUOTED_INCLUDE_IN_FRAMEWORK_HEADER = YES;
				CLANG_WARN_RANGE_LOOP_ANALYSIS = YES;
				CLANG_WARN_STRICT_PROTOTYPES = YES;
				CLANG_WARN_SUSPICIOUS_MOVE = YES;
				CLANG_WARN_UNGUARDED_AVAILABILITY = YES_AGGRESSIVE;
				CLANG_WARN_UNREACHABLE_CODE = YES;
				CLANG_WARN__DUPLICATE_METHOD_MATCH = YES;
				COPY_PHASE_STRIP = NO;
				DEBUG_INFORMATION_FORMAT = "dwarf-with-dsym";
				ENABLE_NS_ASSERTIONS = NO;
				ENABLE_STRICT_OBJC_MSGSEND = YES;
				GCC_C_LANGUAGE_STANDARD = gnu11;
				GCC_NO_COMMON_BLOCKS = YES;
				GCC_WARN_64_TO_32_BIT_CONVERSION = YES;
				GCC_WARN_ABOUT_RETURN_TYPE = YES_ERROR;
				GCC_WARN_UNDECLARED_SELECTOR = YES;
				GCC_WARN_UNINITIALIZED_AUTOS = YES_AGGRESSIVE;
				GCC_WARN_UNUSED_FUNCTION = YES;
				GCC_WARN_UNUSED_VARIABLE = YES;
				IPHONEOS_DEPLOYMENT_TARGET = 15.5;
				MTL_ENABLE_DEBUG_INFO = NO;
				MTL_FAST_MATH = YES;
				SDKROOT = iphoneos;
				SWIFT_COMPILATION_MODE = wholemodule;
				SWIFT_OPTIMIZATION_LEVEL = "-O";
				VALIDATE_PRODUCT = YES;
			};
			name = Release;
		};
		0FDDC89B28582B9C003BBF06 /* Debug */ = {
			isa = XCBuildConfiguration;
			buildSettings = {
				ASSETCATALOG_COMPILER_APPICON_NAME = AppIcon;
				ASSETCATALOG_COMPILER_GLOBAL_ACCENT_COLOR_NAME = AccentColor;
				CODE_SIGN_STYLE = Automatic;
				CURRENT_PROJECT_VERSION = 1;
				DEVELOPMENT_ASSET_PATHS = "\"Set/Preview Content\"";
				DEVELOPMENT_TEAM = 9DP698PQ5X;
				ENABLE_PREVIEWS = YES;
				GENERATE_INFOPLIST_FILE = YES;
				INFOPLIST_KEY_UIApplicationSceneManifest_Generation = YES;
				INFOPLIST_KEY_UIApplicationSupportsIndirectInputEvents = YES;
				INFOPLIST_KEY_UILaunchScreen_Generation = YES;
				INFOPLIST_KEY_UISupportedInterfaceOrientations_iPad = "UIInterfaceOrientationPortrait UIInterfaceOrientationPortraitUpsideDown UIInterfaceOrientationLandscapeLeft UIInterfaceOrientationLandscapeRight";
				INFOPLIST_KEY_UISupportedInterfaceOrientations_iPhone = "UIInterfaceOrientationPortrait UIInterfaceOrientationLandscapeLeft UIInterfaceOrientationLandscapeRight";
				LD_RUNPATH_SEARCH_PATHS = (
					"$(inherited)",
					"@executable_path/Frameworks",
				);
				MARKETING_VERSION = 1.0;
				PRODUCT_BUNDLE_IDENTIFIER = com.brianjcoleman.Set;
				PRODUCT_NAME = "$(TARGET_NAME)";
				SWIFT_EMIT_LOC_STRINGS = YES;
				SWIFT_VERSION = 5.0;
				TARGETED_DEVICE_FAMILY = "1,2";
			};
			name = Debug;
		};
		0FDDC89C28582B9C003BBF06 /* Release */ = {
			isa = XCBuildConfiguration;
			buildSettings = {
				ASSETCATALOG_COMPILER_APPICON_NAME = AppIcon;
				ASSETCATALOG_COMPILER_GLOBAL_ACCENT_COLOR_NAME = AccentColor;
				CODE_SIGN_STYLE = Automatic;
				CURRENT_PROJECT_VERSION = 1;
				DEVELOPMENT_ASSET_PATHS = "\"Set/Preview Content\"";
				DEVELOPMENT_TEAM = 9DP698PQ5X;
				ENABLE_PREVIEWS = YES;
				GENERATE_INFOPLIST_FILE = YES;
				INFOPLIST_KEY_UIApplicationSceneManifest_Generation = YES;
				INFOPLIST_KEY_UIApplicationSupportsIndirectInputEvents = YES;
				INFOPLIST_KEY_UILaunchScreen_Generation = YES;
				INFOPLIST_KEY_UISupportedInterfaceOrientations_iPad = "UIInterfaceOrientationPortrait UIInterfaceOrientationPortraitUpsideDown UIInterfaceOrientationLandscapeLeft UIInterfaceOrientationLandscapeRight";
				INFOPLIST_KEY_UISupportedInterfaceOrientations_iPhone = "UIInterfaceOrientationPortrait UIInterfaceOrientationLandscapeLeft UIInterfaceOrientationLandscapeRight";
				LD_RUNPATH_SEARCH_PATHS = (
					"$(inherited)",
					"@executable_path/Frameworks",
				);
				MARKETING_VERSION = 1.0;
				PRODUCT_BUNDLE_IDENTIFIER = com.brianjcoleman.Set;
				PRODUCT_NAME = "$(TARGET_NAME)";
				SWIFT_EMIT_LOC_STRINGS = YES;
				SWIFT_VERSION = 5.0;
				TARGETED_DEVICE_FAMILY = "1,2";
			};
			name = Release;
		};
/* End XCBuildConfiguration section */

/* Begin XCConfigurationList section */
		0FDDC88728582B9C003BBF06 /* Build configuration list for PBXProject "Set" */ = {
			isa = XCConfigurationList;
			buildConfigurations = (
				0FDDC89828582B9C003BBF06 /* Debug */,
				0FDDC89928582B9C003BBF06 /* Release */,
			);
			defaultConfigurationIsVisible = 0;
			defaultConfigurationName = Release;
		};
		0FDDC89A28582B9C003BBF06 /* Build configuration list for PBXNativeTarget "Set" */ = {
			isa = XCConfigurationList;
			buildConfigurations = (
				0FDDC89B28582B9C003BBF06 /* Debug */,
				0FDDC89C28582B9C003BBF06 /* Release */,
			);
			defaultConfigurationIsVisible = 0;
			defaultConfigurationName = Release;
		};
/* End XCConfigurationList section */
	};
	rootObject = 0FDDC88428582B9C003BBF06 /* Project object */;
}
